
Microsoft Visual Studio Solution File, Format Version 12.00
# Visual Studio Version 16
VisualStudioVersion = 16.0.28922.388
MinimumVisualStudioVersion = 10.0.40219.1
Project("{888888A0-9F3D-457C-B088-3A5042F75D52}") = "BookDouBanTop250", "BookDouBanTop250\BookDouBanTop250.pyproj", "{20B1134C-B176-42BF-BEDE-7B1788495262}"
EndProject
Global
	GlobalSection(SolutionConfigurationPlatforms) = preSolution
		Debug|Any CPU = Debug|Any CPU
		Release|Any CPU = Release|Any CPU
	EndGlobalSection
	GlobalSection(ProjectConfigurationPlatforms) = postSolution
		{20B1134C-B176-42BF-BEDE-7B1788495262}.Debug|Any CPU.ActiveCfg = Debug|Any CPU
		{20B1134C-B176-42BF-BEDE-7B1788495262}.Release|Any CPU.ActiveCfg = Release|Any CPU
	EndGlobalSection
	GlobalSection(SolutionProperties) = preSolution
		HideSolutionNode = FALSE
	EndGlobalSection
	GlobalSection(ExtensibilityGlobals) = postSolution
		SolutionGuid = {20B7E424-5888-4831-B899-C8144915731F}
	EndGlobalSection
EndGlobal
